
Microsoft Visual Studio Solution File, Format Version 12.00
# Visual Studio 15
VisualStudioVersion = 15.0.28307.168
MinimumVisualStudioVersion = 10.0.40219.1
Project("{FAE04EC0-301F-11D3-BF4B-00C04F79EFBC}") = "ErrorPartsListMaker", "ErrorPartsListMaker.csproj", "{A89227EB-A646-4896-9BFF-6E02D689D52E}"
EndProject
Global
	GlobalSection(SolutionConfigurationPlatforms) = preSolution
		Debug|Any CPU = Debug|Any CPU
		Release|Any CPU = Release|Any CPU
	EndGlobalSection
	GlobalSection(ProjectConfigurationPlatforms) = postSolution
		{A89227EB-A646-4896-9BFF-6E02D689D52E}.Debug|Any CPU.ActiveCfg = Debug|Any CPU
		{A89227EB-A646-4896-9BFF-6E02D689D52E}.Debug|Any CPU.Build.0 = Debug|Any CPU
		{A89227EB-A646-4896-9BFF-6E02D689D52E}.Release|Any CPU.ActiveCfg = Release|Any CPU
		{A89227EB-A646-4896-9BFF-6E02D689D52E}.Release|Any CPU.Build.0 = Release|Any CPU
	EndGlobalSection
	GlobalSection(SolutionProperties) = preSolution
		HideSolutionNode = FALSE
	EndGlobalSection
	GlobalSection(ExtensibilityGlobals) = postSolution
		SolutionGuid = {C31BEFD1-7417-4A7B-8ADE-C0FC050420D1}
	EndGlobalSection
EndGlobal
